// !$*UTF8*$!
{
	archiveVersion = 1;
	classes = {
	};
	objectVersion = 50;
	objects = {

/* Begin PBXBuildFile section */
		349C33F1228DFB0B00B2F3B1 /* Notification+Name.swift in Sources */ = {isa = PBXBuildFile; fileRef = 349C33F0228DFB0B00B2F3B1 /* Notification+Name.swift */; };
		349C33F3228DFEE400B2F3B1 /* UIImageView+Download.swift in Sources */ = {isa = PBXBuildFile; fileRef = 349C33F2228DFEE400B2F3B1 /* UIImageView+Download.swift */; };
		349C33F5228E01D300B2F3B1 /* DetailViewController.swift in Sources */ = {isa = PBXBuildFile; fileRef = 349C33F4228E01D300B2F3B1 /* DetailViewController.swift */; };
		349C33F9228E035300B2F3B1 /* User.swift in Sources */ = {isa = PBXBuildFile; fileRef = 349C33F8228E035300B2F3B1 /* User.swift */; };
		349C33FB228E05FB00B2F3B1 /* DetailView.swift in Sources */ = {isa = PBXBuildFile; fileRef = 349C33FA228E05FB00B2F3B1 /* DetailView.swift */; };
		34FF5E35228C859A00844296 /* AppDelegate.swift in Sources */ = {isa = PBXBuildFile; fileRef = 34FF5E34228C859A00844296 /* AppDelegate.swift */; };
		34FF5E37228C859A00844296 /* ViewController.swift in Sources */ = {isa = PBXBuildFile; fileRef = 34FF5E36228C859A00844296 /* ViewController.swift */; };
		34FF5E3A228C859A00844296 /* Main.storyboard in Resources */ = {isa = PBXBuildFile; fileRef = 34FF5E38228C859A00844296 /* Main.storyboard */; };
		34FF5E3C228C859D00844296 /* Assets.xcassets in Resources */ = {isa = PBXBuildFile; fileRef = 34FF5E3B228C859D00844296 /* Assets.xcassets */; };
		34FF5E3F228C859D00844296 /* LaunchScreen.storyboard in Resources */ = {isa = PBXBuildFile; fileRef = 34FF5E3D228C859D00844296 /* LaunchScreen.storyboard */; };
		34FF5E47228C892000844296 /* APIManager.swift in Sources */ = {isa = PBXBuildFile; fileRef = 34FF5E46228C892000844296 /* APIManager.swift */; };
		34FF5E49228C8E4500844296 /* TableViewCell.swift in Sources */ = {isa = PBXBuildFile; fileRef = 34FF5E48228C8E4500844296 /* TableViewCell.swift */; };
		34FF5E4D228C94AF00844296 /* RandomUserResponse.swift in Sources */ = {isa = PBXBuildFile; fileRef = 34FF5E4C228C94AF00844296 /* RandomUserResponse.swift */; };
/* End PBXBuildFile section */

/* Begin PBXFileReference section */
		349C33F0228DFB0B00B2F3B1 /* Notification+Name.swift */ = {isa = PBXFileReference; lastKnownFileType = sourcecode.swift; path = "Notification+Name.swift"; sourceTree = "<group>"; };
		349C33F2228DFEE400B2F3B1 /* UIImageView+Download.swift */ = {isa = PBXFileReference; lastKnownFileType = sourcecode.swift; path = "UIImageView+Download.swift"; sourceTree = "<group>"; };
		349C33F4228E01D300B2F3B1 /* DetailViewController.swift */ = {isa = PBXFileReference; lastKnownFileType = sourcecode.swift; path = DetailViewController.swift; sourceTree = "<group>"; };
		349C33F8228E035300B2F3B1 /* User.swift */ = {isa = PBXFileReference; fileEncoding = 4; lastKnownFileType = sourcecode.swift; path = User.swift; sourceTree = "<group>"; };
		349C33FA228E05FB00B2F3B1 /* DetailView.swift */ = {isa = PBXFileReference; lastKnownFileType = sourcecode.swift; path = DetailView.swift; sourceTree = "<group>"; };
		34FF5E31228C859900844296 /* AxonTest.app */ = {isa = PBXFileReference; explicitFileType = wrapper.application; includeInIndex = 0; path = AxonTest.app; sourceTree = BUILT_PRODUCTS_DIR; };
		34FF5E34228C859A00844296 /* AppDelegate.swift */ = {isa = PBXFileReference; lastKnownFileType = sourcecode.swift; path = AppDelegate.swift; sourceTree = "<group>"; };
		34FF5E36228C859A00844296 /* ViewController.swift */ = {isa = PBXFileReference; lastKnownFileType = sourcecode.swift; path = ViewController.swift; sourceTree = "<group>"; };
		34FF5E39228C859A00844296 /* Base */ = {isa = PBXFileReference; lastKnownFileType = file.storyboard; name = Base; path = Base.lproj/Main.storyboard; sourceTree = "<group>"; };
		34FF5E3B228C859D00844296 /* Assets.xcassets */ = {isa = PBXFileReference; lastKnownFileType = folder.assetcatalog; path = Assets.xcassets; sourceTree = "<group>"; };
		34FF5E3E228C859D00844296 /* Base */ = {isa = PBXFileReference; lastKnownFileType = file.storyboard; name = Base; path = Base.lproj/LaunchScreen.storyboard; sourceTree = "<group>"; };
		34FF5E40228C859E00844296 /* Info.plist */ = {isa = PBXFileReference; lastKnownFileType = text.plist.xml; path = Info.plist; sourceTree = "<group>"; };
		34FF5E46228C892000844296 /* APIManager.swift */ = {isa = PBXFileReference; lastKnownFileType = sourcecode.swift; path = APIManager.swift; sourceTree = "<group>"; };
		34FF5E48228C8E4500844296 /* TableViewCell.swift */ = {isa = PBXFileReference; lastKnownFileType = sourcecode.swift; path = TableViewCell.swift; sourceTree = "<group>"; };
		34FF5E4C228C94AF00844296 /* RandomUserResponse.swift */ = {isa = PBXFileReference; lastKnownFileType = sourcecode.swift; path = RandomUserResponse.swift; sourceTree = "<group>"; };
/* End PBXFileReference section */

/* Begin PBXFrameworksBuildPhase section */
		34FF5E2E228C859900844296 /* Frameworks */ = {
			isa = PBXFrameworksBuildPhase;
			buildActionMask = 2147483647;
			files = (
			);
			runOnlyForDeploymentPostprocessing = 0;
		};
/* End PBXFrameworksBuildPhase section */

/* Begin PBXGroup section */
		349C33FC228F49FB00B2F3B1 /* Model */ = {
			isa = PBXGroup;
			children = (
				34FF5E4C228C94AF00844296 /* RandomUserResponse.swift */,
			);
			path = Model;
			sourceTree = "<group>";
		};
		349C33FD228F4A1300B2F3B1 /* View */ = {
			isa = PBXGroup;
			children = (
				34FF5E38228C859A00844296 /* Main.storyboard */,
				34FF5E48228C8E4500844296 /* TableViewCell.swift */,
				349C33FA228E05FB00B2F3B1 /* DetailView.swift */,
			);
			path = View;
			sourceTree = "<group>";
		};
		349C33FE228F4A2C00B2F3B1 /* Controller */ = {
			isa = PBXGroup;
			children = (
				34FF5E36228C859A00844296 /* ViewController.swift */,
				349C33F4228E01D300B2F3B1 /* DetailViewController.swift */,
			);
			path = Controller;
			sourceTree = "<group>";
		};
		349C33FF228F4A3C00B2F3B1 /* ViewModel */ = {
			isa = PBXGroup;
			children = (
				349C33F8228E035300B2F3B1 /* User.swift */,
			);
			path = ViewModel;
			sourceTree = "<group>";
		};
		349C3400228F4A4B00B2F3B1 /* Utilities */ = {
			isa = PBXGroup;
			children = (
				34FF5E46228C892000844296 /* APIManager.swift */,
				349C33F0228DFB0B00B2F3B1 /* Notification+Name.swift */,
				349C33F2228DFEE400B2F3B1 /* UIImageView+Download.swift */,
			);
			path = Utilities;
			sourceTree = "<group>";
		};
		34FF5E28228C859900844296 = {
			isa = PBXGroup;
			children = (
				34FF5E33228C859A00844296 /* AxonTest */,
				34FF5E32228C859900844296 /* Products */,
			);
			sourceTree = "<group>";
		};
		34FF5E32228C859900844296 /* Products */ = {
			isa = PBXGroup;
			children = (
				34FF5E31228C859900844296 /* AxonTest.app */,
			);
			name = Products;
			sourceTree = "<group>";
		};
		34FF5E33228C859A00844296 /* AxonTest */ = {
			isa = PBXGroup;
			children = (
				34FF5E34228C859A00844296 /* AppDelegate.swift */,
				349C33FC228F49FB00B2F3B1 /* Model */,
				349C33FD228F4A1300B2F3B1 /* View */,
				349C33FF228F4A3C00B2F3B1 /* ViewModel */,
				349C33FE228F4A2C00B2F3B1 /* Controller */,
				349C3400228F4A4B00B2F3B1 /* Utilities */,
				34FF5E3B228C859D00844296 /* Assets.xcassets */,
				34FF5E3D228C859D00844296 /* LaunchScreen.storyboard */,
				34FF5E40228C859E00844296 /* Info.plist */,
			);
			path = AxonTest;
			sourceTree = "<group>";
		};
/* End PBXGroup section */

/* Begin PBXNativeTarget section */
		34FF5E30228C859900844296 /* AxonTest */ = {
			isa = PBXNativeTarget;
			buildConfigurationList = 34FF5E43228C859E00844296 /* Build configuration list for PBXNativeTarget "AxonTest" */;
			buildPhases = (
				34FF5E2D228C859900844296 /* Sources */,
				34FF5E2E228C859900844296 /* Frameworks */,
				34FF5E2F228C859900844296 /* Resources */,
			);
			buildRules = (
			);
			dependencies = (
			);
			name = AxonTest;
			productName = AxonTest;
			productReference = 34FF5E31228C859900844296 /* AxonTest.app */;
			productType = "com.apple.product-type.application";
		};
/* End PBXNativeTarget section */

/* Begin PBXProject section */
		34FF5E29228C859900844296 /* Project object */ = {
			isa = PBXProject;
			attributes = {
				LastSwiftUpdateCheck = 1020;
				LastUpgradeCheck = 1020;
				ORGANIZATIONNAME = "Evgeniya Ignatyeva";
				TargetAttributes = {
					34FF5E30228C859900844296 = {
						CreatedOnToolsVersion = 10.2.1;
					};
				};
			};
			buildConfigurationList = 34FF5E2C228C859900844296 /* Build configuration list for PBXProject "AxonTest" */;
			compatibilityVersion = "Xcode 9.3";
			developmentRegion = en;
			hasScannedForEncodings = 0;
			knownRegions = (
				en,
				Base,
			);
			mainGroup = 34FF5E28228C859900844296;
			productRefGroup = 34FF5E32228C859900844296 /* Products */;
			projectDirPath = "";
			projectRoot = "";
			targets = (
				34FF5E30228C859900844296 /* AxonTest */,
			);
		};
/* End PBXProject section */

/* Begin PBXResourcesBuildPhase section */
		34FF5E2F228C859900844296 /* Resources */ = {
			isa = PBXResourcesBuildPhase;
			buildActionMask = 2147483647;
			files = (
				34FF5E3F228C859D00844296 /* LaunchScreen.storyboard in Resources */,
				34FF5E3C228C859D00844296 /* Assets.xcassets in Resources */,
				34FF5E3A228C859A00844296 /* Main.storyboard in Resources */,
			);
			runOnlyForDeploymentPostprocessing = 0;
		};
/* End PBXResourcesBuildPhase section */

/* Begin PBXSourcesBuildPhase section */
		34FF5E2D228C859900844296 /* Sources */ = {
			isa = PBXSourcesBuildPhase;
			buildActionMask = 2147483647;
			files = (
				349C33F5228E01D300B2F3B1 /* DetailViewController.swift in Sources */,
				34FF5E4D228C94AF00844296 /* RandomUserResponse.swift in Sources */,
				34FF5E47228C892000844296 /* APIManager.swift in Sources */,
				349C33FB228E05FB00B2F3B1 /* DetailView.swift in Sources */,
				34FF5E49228C8E4500844296 /* TableViewCell.swift in Sources */,
				34FF5E37228C859A00844296 /* ViewController.swift in Sources */,
				349C33F3228DFEE400B2F3B1 /* UIImageView+Download.swift in Sources */,
				349C33F1228DFB0B00B2F3B1 /* Notification+Name.swift in Sources */,
				34FF5E35228C859A00844296 /* AppDelegate.swift in Sources */,
				349C33F9228E035300B2F3B1 /* User.swift in Sources */,
			);
			runOnlyForDeploymentPostprocessing = 0;
		};
/* End PBXSourcesBuildPhase section */

/* Begin PBXVariantGroup section */
		34FF5E38228C859A00844296 /* Main.storyboard */ = {
			isa = PBXVariantGroup;
			children = (
				34FF5E39228C859A00844296 /* Base */,
			);
			name = Main.storyboard;
			sourceTree = "<group>";
		};
		34FF5E3D228C859D00844296 /* LaunchScreen.storyboard */ = {
			isa = PBXVariantGroup;
			children = (
				34FF5E3E228C859D00844296 /* Base */,
			);
			name = LaunchScreen.storyboard;
			sourceTree = "<group>";
		};
/* End PBXVariantGroup section */

/* Begin XCBuildConfiguration section */
		34FF5E41228C859E00844296 /* Debug */ = {
			isa = XCBuildConfiguration;
			buildSettings = {
				ALWAYS_SEARCH_USER_PATHS = NO;
				CLANG_ANALYZER_NONNULL = YES;
				CLANG_ANALYZER_NUMBER_OBJECT_CONVERSION = YES_AGGRESSIVE;
				CLANG_CXX_LANGUAGE_STANDARD = "gnu++14";
				CLANG_CXX_LIBRARY = "libc++";
				CLANG_ENABLE_MODULES = YES;
				CLANG_ENABLE_OBJC_ARC = YES;
				CLANG_ENABLE_OBJC_WEAK = YES;
				CLANG_WARN_BLOCK_CAPTURE_AUTORELEASING = YES;
				CLANG_WARN_BOOL_CONVERSION = YES;
				CLANG_WARN_COMMA = YES;
				CLANG_WARN_CONSTANT_CONVERSION = YES;
				CLANG_WARN_DEPRECATED_OBJC_IMPLEMENTATIONS = YES;
				CLANG_WARN_DIRECT_OBJC_ISA_USAGE = YES_ERROR;
				CLANG_WARN_DOCUMENTATION_COMMENTS = YES;
				CLANG_WARN_EMPTY_BODY = YES;
				CLANG_WARN_ENUM_CONVERSION = YES;
				CLANG_WARN_INFINITE_RECURSION = YES;
				CLANG_WARN_INT_CONVERSION = YES;
				CLANG_WARN_NON_LITERAL_NULL_CONVERSION = YES;
				CLANG_WARN_OBJC_IMPLICIT_RETAIN_SELF = YES;
				CLANG_WARN_OBJC_LITERAL_CONVERSION = YES;
				CLANG_WARN_OBJC_ROOT_CLASS = YES_ERROR;
				CLANG_WARN_RANGE_LOOP_ANALYSIS = YES;
				CLANG_WARN_STRICT_PROTOTYPES = YES;
				CLANG_WARN_SUSPICIOUS_MOVE = YES;
				CLANG_WARN_UNGUARDED_AVAILABILITY = YES_AGGRESSIVE;
				CLANG_WARN_UNREACHABLE_CODE = YES;
				CLANG_WARN__DUPLICATE_METHOD_MATCH = YES;
				CODE_SIGN_IDENTITY = "iPhone Developer";
				COPY_PHASE_STRIP = NO;
				DEBUG_INFORMATION_FORMAT = dwarf;
				ENABLE_STRICT_OBJC_MSGSEND = YES;
				ENABLE_TESTABILITY = YES;
				GCC_C_LANGUAGE_STANDARD = gnu11;
				GCC_DYNAMIC_NO_PIC = NO;
				GCC_NO_COMMON_BLOCKS = YES;
				GCC_OPTIMIZATION_LEVEL = 0;
				GCC_PREPROCESSOR_DEFINITIONS = (
					"DEBUG=1",
					"$(inherited)",
				);
				GCC_WARN_64_TO_32_BIT_CONVERSION = YES;
				GCC_WARN_ABOUT_RETURN_TYPE = YES_ERROR;
				GCC_WARN_UNDECLARED_SELECTOR = YES;
				GCC_WARN_UNINITIALIZED_AUTOS = YES_AGGRESSIVE;
				GCC_WARN_UNUSED_FUNCTION = YES;
				GCC_WARN_UNUSED_VARIABLE = YES;
				IPHONEOS_DEPLOYMENT_TARGET = 12.2;
				MTL_ENABLE_DEBUG_INFO = INCLUDE_SOURCE;
				MTL_FAST_MATH = YES;
				ONLY_ACTIVE_ARCH = YES;
				SDKROOT = iphoneos;
				SWIFT_ACTIVE_COMPILATION_CONDITIONS = DEBUG;
				SWIFT_OPTIMIZATION_LEVEL = "-Onone";
			};
			name = Debug;
		};
		34FF5E42228C859E00844296 /* Release */ = {
			isa = XCBuildConfiguration;
			buildSettings = {
				ALWAYS_SEARCH_USER_PATHS = NO;
				CLANG_ANALYZER_NONNULL = YES;
				CLANG_ANALYZER_NUMBER_OBJECT_CONVERSION = YES_AGGRESSIVE;
				CLANG_CXX_LANGUAGE_STANDARD = "gnu++14";
				CLANG_CXX_LIBRARY = "libc++";
				CLANG_ENABLE_MODULES = YES;
				CLANG_ENABLE_OBJC_ARC = YES;
				CLANG_ENABLE_OBJC_WEAK = YES;
				CLANG_WARN_BLOCK_CAPTURE_AUTORELEASING = YES;
				CLANG_WARN_BOOL_CONVERSION = YES;
				CLANG_WARN_COMMA = YES;
				CLANG_WARN_CONSTANT_CONVERSION = YES;
				CLANG_WARN_DEPRECATED_OBJC_IMPLEMENTATIONS = YES;
				CLANG_WARN_DIRECT_OBJC_ISA_USAGE = YES_ERROR;
				CLANG_WARN_DOCUMENTATION_COMMENTS = YES;
				CLANG_WARN_EMPTY_BODY = YES;
				CLANG_WARN_ENUM_CONVERSION = YES;
				CLANG_WARN_INFINITE_RECURSION = YES;
				CLANG_WARN_INT_CONVERSION = YES;
				CLANG_WARN_NON_LITERAL_NULL_CONVERSION = YES;
				CLANG_WARN_OBJC_IMPLICIT_RETAIN_SELF = YES;
				CLANG_WARN_OBJC_LITERAL_CONVERSION = YES;
				CLANG_WARN_OBJC_ROOT_CLASS = YES_ERROR;
				CLANG_WARN_RANGE_LOOP_ANALYSIS = YES;
				CLANG_WARN_STRICT_PROTOTYPES = YES;
				CLANG_WARN_SUSPICIOUS_MOVE = YES;
				CLANG_WARN_UNGUARDED_AVAILABILITY = YES_AGGRESSIVE;
				CLANG_WARN_UNREACHABLE_CODE = YES;
				CLANG_WARN__DUPLICATE_METHOD_MATCH = YES;
				CODE_SIGN_IDENTITY = "iPhone Developer";
				COPY_PHASE_STRIP = NO;
				DEBUG_INFORMATION_FORMAT = "dwarf-with-dsym";
				ENABLE_NS_ASSERTIONS = NO;
				ENABLE_STRICT_OBJC_MSGSEND = YES;
				GCC_C_LANGUAGE_STANDARD = gnu11;
				GCC_NO_COMMON_BLOCKS = YES;
				GCC_WARN_64_TO_32_BIT_CONVERSION = YES;
				GCC_WARN_ABOUT_RETURN_TYPE = YES_ERROR;
				GCC_WARN_UNDECLARED_SELECTOR = YES;
				GCC_WARN_UNINITIALIZED_AUTOS = YES_AGGRESSIVE;
				GCC_WARN_UNUSED_FUNCTION = YES;
				GCC_WARN_UNUSED_VARIABLE = YES;
				IPHONEOS_DEPLOYMENT_TARGET = 12.2;
				MTL_ENABLE_DEBUG_INFO = NO;
				MTL_FAST_MATH = YES;
				SDKROOT = iphoneos;
				SWIFT_COMPILATION_MODE = wholemodule;
				SWIFT_OPTIMIZATION_LEVEL = "-O";
				VALIDATE_PRODUCT = YES;
			};
			name = Release;
		};
		34FF5E44228C859E00844296 /* Debug */ = {
			isa = XCBuildConfiguration;
			buildSettings = {
				ASSETCATALOG_COMPILER_APPICON_NAME = AppIcon;
				CODE_SIGN_STYLE = Automatic;
				DEVELOPMENT_TEAM = SBVU435NB3;
				INFOPLIST_FILE = AxonTest/Info.plist;
				LD_RUNPATH_SEARCH_PATHS = (
					"$(inherited)",
					"@executable_path/Frameworks",
				);
				PRODUCT_BUNDLE_IDENTIFIER = com.ignatyeva.AxonTest;
				PRODUCT_NAME = "$(TARGET_NAME)";
				SWIFT_VERSION = 5.0;
				TARGETED_DEVICE_FAMILY = 1;
			};
			name = Debug;
		};
		34FF5E45228C859E00844296 /* Release */ = {
			isa = XCBuildConfiguration;
			buildSettings = {
				ASSETCATALOG_COMPILER_APPICON_NAME = AppIcon;
				CODE_SIGN_STYLE = Automatic;
				DEVELOPMENT_TEAM = SBVU435NB3;
				INFOPLIST_FILE = AxonTest/Info.plist;
				LD_RUNPATH_SEARCH_PATHS = (
					"$(inherited)",
					"@executable_path/Frameworks",
				);
				PRODUCT_BUNDLE_IDENTIFIER = com.ignatyeva.AxonTest;
				PRODUCT_NAME = "$(TARGET_NAME)";
				SWIFT_VERSION = 5.0;
				TARGETED_DEVICE_FAMILY = 1;
			};
			name = Release;
		};
/* End XCBuildConfiguration section */

/* Begin XCConfigurationList section */
		34FF5E2C228C859900844296 /* Build configuration list for PBXProject "AxonTest" */ = {
			isa = XCConfigurationList;
			buildConfigurations = (
				34FF5E41228C859E00844296 /* Debug */,
				34FF5E42228C859E00844296 /* Release */,
			);
			defaultConfigurationIsVisible = 0;
			defaultConfigurationName = Release;
		};
		34FF5E43228C859E00844296 /* Build configuration list for PBXNativeTarget "AxonTest" */ = {
			isa = XCConfigurationList;
			buildConfigurations = (
				34FF5E44228C859E00844296 /* Debug */,
				34FF5E45228C859E00844296 /* Release */,
			);
			defaultConfigurationIsVisible = 0;
			defaultConfigurationName = Release;
		};
/* End XCConfigurationList section */
	};
	rootObject = 34FF5E29228C859900844296 /* Project object */;
}
